// !$*UTF8*$!
{
	archiveVersion = 1;
	classes = {
	};
	objectVersion = 56;
	objects = {

/* Begin PBXBuildFile section */
		4AE01B9F2BE654CF001FBDB0 /* AppDelegate.swift in Sources */ = {isa = PBXBuildFile; fileRef = 4AE01B9E2BE654CF001FBDB0 /* AppDelegate.swift */; };
		4AE01BA12BE654CF001FBDB0 /* SceneDelegate.swift in Sources */ = {isa = PBXBuildFile; fileRef = 4AE01BA02BE654CF001FBDB0 /* SceneDelegate.swift */; };
		4AE01BA82BE654D0001FBDB0 /* Assets.xcassets in Resources */ = {isa = PBXBuildFile; fileRef = 4AE01BA72BE654D0001FBDB0 /* Assets.xcassets */; };
		4AE01BAB2BE654D0001FBDB0 /* LaunchScreen.storyboard in Resources */ = {isa = PBXBuildFile; fileRef = 4AE01BA92BE654D0001FBDB0 /* LaunchScreen.storyboard */; };
		4AE01BB92BE654F0001FBDB0 /* ItemsListUIIntegrationTests.swift in Sources */ = {isa = PBXBuildFile; fileRef = 4AE01BB82BE654F0001FBDB0 /* ItemsListUIIntegrationTests.swift */; };
		4AE01BC02BE65952001FBDB0 /* ItemsListViewController.swift in Sources */ = {isa = PBXBuildFile; fileRef = 4AE01BBF2BE65952001FBDB0 /* ItemsListViewController.swift */; };
/* End PBXBuildFile section */

/* Begin PBXContainerItemProxy section */
		4AE01BBA2BE654F0001FBDB0 /* PBXContainerItemProxy */ = {
			isa = PBXContainerItemProxy;
			containerPortal = 4AE01B932BE654CF001FBDB0 /* Project object */;
			proxyType = 1;
			remoteGlobalIDString = 4AE01B9A2BE654CF001FBDB0;
			remoteInfo = UITablewViewTDD;
		};
/* End PBXContainerItemProxy section */

/* Begin PBXFileReference section */
		4AE01B9B2BE654CF001FBDB0 /* UITablewViewTDD.app */ = {isa = PBXFileReference; explicitFileType = wrapper.application; includeInIndex = 0; path = UITablewViewTDD.app; sourceTree = BUILT_PRODUCTS_DIR; };
		4AE01B9E2BE654CF001FBDB0 /* AppDelegate.swift */ = {isa = PBXFileReference; lastKnownFileType = sourcecode.swift; path = AppDelegate.swift; sourceTree = "<group>"; };
		4AE01BA02BE654CF001FBDB0 /* SceneDelegate.swift */ = {isa = PBXFileReference; lastKnownFileType = sourcecode.swift; path = SceneDelegate.swift; sourceTree = "<group>"; };
		4AE01BA72BE654D0001FBDB0 /* Assets.xcassets */ = {isa = PBXFileReference; lastKnownFileType = folder.assetcatalog; path = Assets.xcassets; sourceTree = "<group>"; };
		4AE01BAA2BE654D0001FBDB0 /* Base */ = {isa = PBXFileReference; lastKnownFileType = file.storyboard; name = Base; path = Base.lproj/LaunchScreen.storyboard; sourceTree = "<group>"; };
		4AE01BAC2BE654D0001FBDB0 /* Info.plist */ = {isa = PBXFileReference; lastKnownFileType = text.plist.xml; path = Info.plist; sourceTree = "<group>"; };
		4AE01BB62BE654F0001FBDB0 /* UITablewViewTDDTests.xctest */ = {isa = PBXFileReference; explicitFileType = wrapper.cfbundle; includeInIndex = 0; path = UITablewViewTDDTests.xctest; sourceTree = BUILT_PRODUCTS_DIR; };
		4AE01BB82BE654F0001FBDB0 /* ItemsListUIIntegrationTests.swift */ = {isa = PBXFileReference; lastKnownFileType = sourcecode.swift; path = ItemsListUIIntegrationTests.swift; sourceTree = "<group>"; };
		4AE01BBF2BE65952001FBDB0 /* ItemsListViewController.swift */ = {isa = PBXFileReference; lastKnownFileType = sourcecode.swift; path = ItemsListViewController.swift; sourceTree = "<group>"; };
/* End PBXFileReference section */

/* Begin PBXFrameworksBuildPhase section */
		4AE01B982BE654CF001FBDB0 /* Frameworks */ = {
			isa = PBXFrameworksBuildPhase;
			buildActionMask = 2147483647;
			files = (
			);
			runOnlyForDeploymentPostprocessing = 0;
		};
		4AE01BB32BE654F0001FBDB0 /* Frameworks */ = {
			isa = PBXFrameworksBuildPhase;
			buildActionMask = 2147483647;
			files = (
			);
			runOnlyForDeploymentPostprocessing = 0;
		};
/* End PBXFrameworksBuildPhase section */

/* Begin PBXGroup section */
		4AE01B922BE654CF001FBDB0 = {
			isa = PBXGroup;
			children = (
				4AE01B9D2BE654CF001FBDB0 /* UITablewViewTDD */,
				4AE01BB72BE654F0001FBDB0 /* UITablewViewTDDTests */,
				4AE01B9C2BE654CF001FBDB0 /* Products */,
			);
			sourceTree = "<group>";
		};
		4AE01B9C2BE654CF001FBDB0 /* Products */ = {
			isa = PBXGroup;
			children = (
				4AE01B9B2BE654CF001FBDB0 /* UITablewViewTDD.app */,
				4AE01BB62BE654F0001FBDB0 /* UITablewViewTDDTests.xctest */,
			);
			name = Products;
			sourceTree = "<group>";
		};
		4AE01B9D2BE654CF001FBDB0 /* UITablewViewTDD */ = {
			isa = PBXGroup;
			children = (
				4AE01B9E2BE654CF001FBDB0 /* AppDelegate.swift */,
				4AE01BA02BE654CF001FBDB0 /* SceneDelegate.swift */,
				4AE01BA72BE654D0001FBDB0 /* Assets.xcassets */,
				4AE01BA92BE654D0001FBDB0 /* LaunchScreen.storyboard */,
				4AE01BAC2BE654D0001FBDB0 /* Info.plist */,
				4AE01BBF2BE65952001FBDB0 /* ItemsListViewController.swift */,
			);
			path = UITablewViewTDD;
			sourceTree = "<group>";
		};
		4AE01BB72BE654F0001FBDB0 /* UITablewViewTDDTests */ = {
			isa = PBXGroup;
			children = (
				4AE01BB82BE654F0001FBDB0 /* ItemsListUIIntegrationTests.swift */,
			);
			path = UITablewViewTDDTests;
			sourceTree = "<group>";
		};
/* End PBXGroup section */

/* Begin PBXNativeTarget section */
		4AE01B9A2BE654CF001FBDB0 /* UITablewViewTDD */ = {
			isa = PBXNativeTarget;
			buildConfigurationList = 4AE01BAF2BE654D0001FBDB0 /* Build configuration list for PBXNativeTarget "UITablewViewTDD" */;
			buildPhases = (
				4AE01B972BE654CF001FBDB0 /* Sources */,
				4AE01B982BE654CF001FBDB0 /* Frameworks */,
				4AE01B992BE654CF001FBDB0 /* Resources */,
			);
			buildRules = (
			);
			dependencies = (
			);
			name = UITablewViewTDD;
			productName = UITablewViewTDD;
			productReference = 4AE01B9B2BE654CF001FBDB0 /* UITablewViewTDD.app */;
			productType = "com.apple.product-type.application";
		};
		4AE01BB52BE654F0001FBDB0 /* UITablewViewTDDTests */ = {
			isa = PBXNativeTarget;
			buildConfigurationList = 4AE01BBC2BE654F0001FBDB0 /* Build configuration list for PBXNativeTarget "UITablewViewTDDTests" */;
			buildPhases = (
				4AE01BB22BE654F0001FBDB0 /* Sources */,
				4AE01BB32BE654F0001FBDB0 /* Frameworks */,
				4AE01BB42BE654F0001FBDB0 /* Resources */,
			);
			buildRules = (
			);
			dependencies = (
				4AE01BBB2BE654F0001FBDB0 /* PBXTargetDependency */,
			);
			name = UITablewViewTDDTests;
			productName = UITablewViewTDDTests;
			productReference = 4AE01BB62BE654F0001FBDB0 /* UITablewViewTDDTests.xctest */;
			productType = "com.apple.product-type.bundle.unit-test";
		};
/* End PBXNativeTarget section */

/* Begin PBXProject section */
		4AE01B932BE654CF001FBDB0 /* Project object */ = {
			isa = PBXProject;
			attributes = {
				BuildIndependentTargetsInParallel = 1;
				LastSwiftUpdateCheck = 1520;
				LastUpgradeCheck = 1520;
				TargetAttributes = {
					4AE01B9A2BE654CF001FBDB0 = {
						CreatedOnToolsVersion = 15.2;
					};
					4AE01BB52BE654F0001FBDB0 = {
						CreatedOnToolsVersion = 15.2;
						TestTargetID = 4AE01B9A2BE654CF001FBDB0;
					};
				};
			};
			buildConfigurationList = 4AE01B962BE654CF001FBDB0 /* Build configuration list for PBXProject "UITablewViewTDD" */;
			compatibilityVersion = "Xcode 14.0";
			developmentRegion = en;
			hasScannedForEncodings = 0;
			knownRegions = (
				en,
				Base,
			);
			mainGroup = 4AE01B922BE654CF001FBDB0;
			productRefGroup = 4AE01B9C2BE654CF001FBDB0 /* Products */;
			projectDirPath = "";
			projectRoot = "";
			targets = (
				4AE01B9A2BE654CF001FBDB0 /* UITablewViewTDD */,
				4AE01BB52BE654F0001FBDB0 /* UITablewViewTDDTests */,
			);
		};
/* End PBXProject section */

/* Begin PBXResourcesBuildPhase section */
		4AE01B992BE654CF001FBDB0 /* Resources */ = {
			isa = PBXResourcesBuildPhase;
			buildActionMask = 2147483647;
			files = (
				4AE01BAB2BE654D0001FBDB0 /* LaunchScreen.storyboard in Resources */,
				4AE01BA82BE654D0001FBDB0 /* Assets.xcassets in Resources */,
			);
			runOnlyForDeploymentPostprocessing = 0;
		};
		4AE01BB42BE654F0001FBDB0 /* Resources */ = {
			isa = PBXResourcesBuildPhase;
			buildActionMask = 2147483647;
			files = (
			);
			runOnlyForDeploymentPostprocessing = 0;
		};
/* End PBXResourcesBuildPhase section */

/* Begin PBXSourcesBuildPhase section */
		4AE01B972BE654CF001FBDB0 /* Sources */ = {
			isa = PBXSourcesBuildPhase;
			buildActionMask = 2147483647;
			files = (
				4AE01B9F2BE654CF001FBDB0 /* AppDelegate.swift in Sources */,
				4AE01BA12BE654CF001FBDB0 /* SceneDelegate.swift in Sources */,
				4AE01BC02BE65952001FBDB0 /* ItemsListViewController.swift in Sources */,
			);
			runOnlyForDeploymentPostprocessing = 0;
		};
		4AE01BB22BE654F0001FBDB0 /* Sources */ = {
			isa = PBXSourcesBuildPhase;
			buildActionMask = 2147483647;
			files = (
				4AE01BB92BE654F0001FBDB0 /* ItemsListUIIntegrationTests.swift in Sources */,
			);
			runOnlyForDeploymentPostprocessing = 0;
		};
/* End PBXSourcesBuildPhase section */

/* Begin PBXTargetDependency section */
		4AE01BBB2BE654F0001FBDB0 /* PBXTargetDependency */ = {
			isa = PBXTargetDependency;
			target = 4AE01B9A2BE654CF001FBDB0 /* UITablewViewTDD */;
			targetProxy = 4AE01BBA2BE654F0001FBDB0 /* PBXContainerItemProxy */;
		};
/* End PBXTargetDependency section */

/* Begin PBXVariantGroup section */
		4AE01BA92BE654D0001FBDB0 /* LaunchScreen.storyboard */ = {
			isa = PBXVariantGroup;
			children = (
				4AE01BAA2BE654D0001FBDB0 /* Base */,
			);
			name = LaunchScreen.storyboard;
			sourceTree = "<group>";
		};
/* End PBXVariantGroup section */

/* Begin XCBuildConfiguration section */
		4AE01BAD2BE654D0001FBDB0 /* Debug */ = {
			isa = XCBuildConfiguration;
			buildSettings = {
				ALWAYS_SEARCH_USER_PATHS = NO;
				ASSETCATALOG_COMPILER_GENERATE_SWIFT_ASSET_SYMBOL_EXTENSIONS = YES;
				CLANG_ANALYZER_NONNULL = YES;
				CLANG_ANALYZER_NUMBER_OBJECT_CONVERSION = YES_AGGRESSIVE;
				CLANG_CXX_LANGUAGE_STANDARD = "gnu++20";
				CLANG_ENABLE_MODULES = YES;
				CLANG_ENABLE_OBJC_ARC = YES;
				CLANG_ENABLE_OBJC_WEAK = YES;
				CLANG_WARN_BLOCK_CAPTURE_AUTORELEASING = YES;
				CLANG_WARN_BOOL_CONVERSION = YES;
				CLANG_WARN_COMMA = YES;
				CLANG_WARN_CONSTANT_CONVERSION = YES;
				CLANG_WARN_DEPRECATED_OBJC_IMPLEMENTATIONS = YES;
				CLANG_WARN_DIRECT_OBJC_ISA_USAGE = YES_ERROR;
				CLANG_WARN_DOCUMENTATION_COMMENTS = YES;
				CLANG_WARN_EMPTY_BODY = YES;
				CLANG_WARN_ENUM_CONVERSION = YES;
				CLANG_WARN_INFINITE_RECURSION = YES;
				CLANG_WARN_INT_CONVERSION = YES;
				CLANG_WARN_NON_LITERAL_NULL_CONVERSION = YES;
				CLANG_WARN_OBJC_IMPLICIT_RETAIN_SELF = YES;
				CLANG_WARN_OBJC_LITERAL_CONVERSION = YES;
				CLANG_WARN_OBJC_ROOT_CLASS = YES_ERROR;
				CLANG_WARN_QUOTED_INCLUDE_IN_FRAMEWORK_HEADER = YES;
				CLANG_WARN_RANGE_LOOP_ANALYSIS = YES;
				CLANG_WARN_STRICT_PROTOTYPES = YES;
				CLANG_WARN_SUSPICIOUS_MOVE = YES;
				CLANG_WARN_UNGUARDED_AVAILABILITY = YES_AGGRESSIVE;
				CLANG_WARN_UNREACHABLE_CODE = YES;
				CLANG_WARN__DUPLICATE_METHOD_MATCH = YES;
				COPY_PHASE_STRIP = NO;
				DEBUG_INFORMATION_FORMAT = dwarf;
				ENABLE_STRICT_OBJC_MSGSEND = YES;
				ENABLE_TESTABILITY = YES;
				ENABLE_USER_SCRIPT_SANDBOXING = YES;
				GCC_C_LANGUAGE_STANDARD = gnu17;
				GCC_DYNAMIC_NO_PIC = NO;
				GCC_NO_COMMON_BLOCKS = YES;
				GCC_OPTIMIZATION_LEVEL = 0;
				GCC_PREPROCESSOR_DEFINITIONS = (
					"DEBUG=1",
					"$(inherited)",
				);
				GCC_WARN_64_TO_32_BIT_CONVERSION = YES;
				GCC_WARN_ABOUT_RETURN_TYPE = YES_ERROR;
				GCC_WARN_UNDECLARED_SELECTOR = YES;
				GCC_WARN_UNINITIALIZED_AUTOS = YES_AGGRESSIVE;
				GCC_WARN_UNUSED_FUNCTION = YES;
				GCC_WARN_UNUSED_VARIABLE = YES;
				IPHONEOS_DEPLOYMENT_TARGET = 17.2;
				LOCALIZATION_PREFERS_STRING_CATALOGS = YES;
				MTL_ENABLE_DEBUG_INFO = INCLUDE_SOURCE;
				MTL_FAST_MATH = YES;
				ONLY_ACTIVE_ARCH = YES;
				SDKROOT = iphoneos;
				SWIFT_ACTIVE_COMPILATION_CONDITIONS = "DEBUG $(inherited)";
				SWIFT_OPTIMIZATION_LEVEL = "-Onone";
			};
			name = Debug;
		};
		4AE01BAE2BE654D0001FBDB0 /* Release */ = {
			isa = XCBuildConfiguration;
			buildSettings = {
				ALWAYS_SEARCH_USER_PATHS = NO;
				ASSETCATALOG_COMPILER_GENERATE_SWIFT_ASSET_SYMBOL_EXTENSIONS = YES;
				CLANG_ANALYZER_NONNULL = YES;
				CLANG_ANALYZER_NUMBER_OBJECT_CONVERSION = YES_AGGRESSIVE;
				CLANG_CXX_LANGUAGE_STANDARD = "gnu++20";
				CLANG_ENABLE_MODULES = YES;
				CLANG_ENABLE_OBJC_ARC = YES;
				CLANG_ENABLE_OBJC_WEAK = YES;
				CLANG_WARN_BLOCK_CAPTURE_AUTORELEASING = YES;
				CLANG_WARN_BOOL_CONVERSION = YES;
				CLANG_WARN_COMMA = YES;
				CLANG_WARN_CONSTANT_CONVERSION = YES;
				CLANG_WARN_DEPRECATED_OBJC_IMPLEMENTATIONS = YES;
				CLANG_WARN_DIRECT_OBJC_ISA_USAGE = YES_ERROR;
				CLANG_WARN_DOCUMENTATION_COMMENTS = YES;
				CLANG_WARN_EMPTY_BODY = YES;
				CLANG_WARN_ENUM_CONVERSION = YES;
				CLANG_WARN_INFINITE_RECURSION = YES;
				CLANG_WARN_INT_CONVERSION = YES;
				CLANG_WARN_NON_LITERAL_NULL_CONVERSION = YES;
				CLANG_WARN_OBJC_IMPLICIT_RETAIN_SELF = YES;
				CLANG_WARN_OBJC_LITERAL_CONVERSION = YES;
				CLANG_WARN_OBJC_ROOT_CLASS = YES_ERROR;
				CLANG_WARN_QUOTED_INCLUDE_IN_FRAMEWORK_HEADER = YES;
				CLANG_WARN_RANGE_LOOP_ANALYSIS = YES;
				CLANG_WARN_STRICT_PROTOTYPES = YES;
				CLANG_WARN_SUSPICIOUS_MOVE = YES;
				CLANG_WARN_UNGUARDED_AVAILABILITY = YES_AGGRESSIVE;
				CLANG_WARN_UNREACHABLE_CODE = YES;
				CLANG_WARN__DUPLICATE_METHOD_MATCH = YES;
				COPY_PHASE_STRIP = NO;
				DEBUG_INFORMATION_FORMAT = "dwarf-with-dsym";
				ENABLE_NS_ASSERTIONS = NO;
				ENABLE_STRICT_OBJC_MSGSEND = YES;
				ENABLE_USER_SCRIPT_SANDBOXING = YES;
				GCC_C_LANGUAGE_STANDARD = gnu17;
				GCC_NO_COMMON_BLOCKS = YES;
				GCC_WARN_64_TO_32_BIT_CONVERSION = YES;
				GCC_WARN_ABOUT_RETURN_TYPE = YES_ERROR;
				GCC_WARN_UNDECLARED_SELECTOR = YES;
				GCC_WARN_UNINITIALIZED_AUTOS = YES_AGGRESSIVE;
				GCC_WARN_UNUSED_FUNCTION = YES;
				GCC_WARN_UNUSED_VARIABLE = YES;
				IPHONEOS_DEPLOYMENT_TARGET = 17.2;
				LOCALIZATION_PREFERS_STRING_CATALOGS = YES;
				MTL_ENABLE_DEBUG_INFO = NO;
				MTL_FAST_MATH = YES;
				SDKROOT = iphoneos;
				SWIFT_COMPILATION_MODE = wholemodule;
				VALIDATE_PRODUCT = YES;
			};
			name = Release;
		};
		4AE01BB02BE654D0001FBDB0 /* Debug */ = {
			isa = XCBuildConfiguration;
			buildSettings = {
				ASSETCATALOG_COMPILER_APPICON_NAME = AppIcon;
				ASSETCATALOG_COMPILER_GLOBAL_ACCENT_COLOR_NAME = AccentColor;
				CODE_SIGN_STYLE = Automatic;
				CURRENT_PROJECT_VERSION = 1;
				GENERATE_INFOPLIST_FILE = YES;
				INFOPLIST_FILE = UITablewViewTDD/Info.plist;
				INFOPLIST_KEY_UIApplicationSupportsIndirectInputEvents = YES;
				INFOPLIST_KEY_UILaunchStoryboardName = LaunchScreen;
				INFOPLIST_KEY_UISupportedInterfaceOrientations_iPad = "UIInterfaceOrientationPortrait UIInterfaceOrientationPortraitUpsideDown UIInterfaceOrientationLandscapeLeft UIInterfaceOrientationLandscapeRight";
				INFOPLIST_KEY_UISupportedInterfaceOrientations_iPhone = "UIInterfaceOrientationPortrait UIInterfaceOrientationLandscapeLeft UIInterfaceOrientationLandscapeRight";
				LD_RUNPATH_SEARCH_PATHS = (
					"$(inherited)",
					"@executable_path/Frameworks",
				);
				MARKETING_VERSION = 1.0;
				PRODUCT_BUNDLE_IDENTIFIER = com.marcosapostolo.UITablewViewTDD;
				PRODUCT_NAME = "$(TARGET_NAME)";
				SUPPORTED_PLATFORMS = "iphoneos iphonesimulator";
				SUPPORTS_MACCATALYST = NO;
				SUPPORTS_XR_DESIGNED_FOR_IPHONE_IPAD = NO;
				SWIFT_EMIT_LOC_STRINGS = YES;
				SWIFT_VERSION = 5.0;
				TARGETED_DEVICE_FAMILY = "1,2";
			};
			name = Debug;
		};
		4AE01BB12BE654D0001FBDB0 /* Release */ = {
			isa = XCBuildConfiguration;
			buildSettings = {
				ASSETCATALOG_COMPILER_APPICON_NAME = AppIcon;
				ASSETCATALOG_COMPILER_GLOBAL_ACCENT_COLOR_NAME = AccentColor;
				CODE_SIGN_STYLE = Automatic;
				CURRENT_PROJECT_VERSION = 1;
				GENERATE_INFOPLIST_FILE = YES;
				INFOPLIST_FILE = UITablewViewTDD/Info.plist;
				INFOPLIST_KEY_UIApplicationSupportsIndirectInputEvents = YES;
				INFOPLIST_KEY_UILaunchStoryboardName = LaunchScreen;
				INFOPLIST_KEY_UISupportedInterfaceOrientations_iPad = "UIInterfaceOrientationPortrait UIInterfaceOrientationPortraitUpsideDown UIInterfaceOrientationLandscapeLeft UIInterfaceOrientationLandscapeRight";
				INFOPLIST_KEY_UISupportedInterfaceOrientations_iPhone = "UIInterfaceOrientationPortrait UIInterfaceOrientationLandscapeLeft UIInterfaceOrientationLandscapeRight";
				LD_RUNPATH_SEARCH_PATHS = (
					"$(inherited)",
					"@executable_path/Frameworks",
				);
				MARKETING_VERSION = 1.0;
				PRODUCT_BUNDLE_IDENTIFIER = com.marcosapostolo.UITablewViewTDD;
				PRODUCT_NAME = "$(TARGET_NAME)";
				SUPPORTED_PLATFORMS = "iphoneos iphonesimulator";
				SUPPORTS_MACCATALYST = NO;
				SUPPORTS_XR_DESIGNED_FOR_IPHONE_IPAD = NO;
				SWIFT_EMIT_LOC_STRINGS = YES;
				SWIFT_VERSION = 5.0;
				TARGETED_DEVICE_FAMILY = "1,2";
			};
			name = Release;
		};
		4AE01BBD2BE654F0001FBDB0 /* Debug */ = {
			isa = XCBuildConfiguration;
			buildSettings = {
				BUNDLE_LOADER = "$(TEST_HOST)";
				CODE_SIGN_STYLE = Automatic;
				CURRENT_PROJECT_VERSION = 1;
				GENERATE_INFOPLIST_FILE = YES;
				MARKETING_VERSION = 1.0;
				PRODUCT_BUNDLE_IDENTIFIER = com.marcosapostolo.UITablewViewTDDTests;
				PRODUCT_NAME = "$(TARGET_NAME)";
				SWIFT_EMIT_LOC_STRINGS = NO;
				SWIFT_VERSION = 5.0;
				TARGETED_DEVICE_FAMILY = "1,2";
				TEST_HOST = "$(BUILT_PRODUCTS_DIR)/UITablewViewTDD.app/$(BUNDLE_EXECUTABLE_FOLDER_PATH)/UITablewViewTDD";
			};
			name = Debug;
		};
		4AE01BBE2BE654F0001FBDB0 /* Release */ = {
			isa = XCBuildConfiguration;
			buildSettings = {
				BUNDLE_LOADER = "$(TEST_HOST)";
				CODE_SIGN_STYLE = Automatic;
				CURRENT_PROJECT_VERSION = 1;
				GENERATE_INFOPLIST_FILE = YES;
				MARKETING_VERSION = 1.0;
				PRODUCT_BUNDLE_IDENTIFIER = com.marcosapostolo.UITablewViewTDDTests;
				PRODUCT_NAME = "$(TARGET_NAME)";
				SWIFT_EMIT_LOC_STRINGS = NO;
				SWIFT_VERSION = 5.0;
				TARGETED_DEVICE_FAMILY = "1,2";
				TEST_HOST = "$(BUILT_PRODUCTS_DIR)/UITablewViewTDD.app/$(BUNDLE_EXECUTABLE_FOLDER_PATH)/UITablewViewTDD";
			};
			name = Release;
		};
/* End XCBuildConfiguration section */

/* Begin XCConfigurationList section */
		4AE01B962BE654CF001FBDB0 /* Build configuration list for PBXProject "UITablewViewTDD" */ = {
			isa = XCConfigurationList;
			buildConfigurations = (
				4AE01BAD2BE654D0001FBDB0 /* Debug */,
				4AE01BAE2BE654D0001FBDB0 /* Release */,
			);
			defaultConfigurationIsVisible = 0;
			defaultConfigurationName = Release;
		};
		4AE01BAF2BE654D0001FBDB0 /* Build configuration list for PBXNativeTarget "UITablewViewTDD" */ = {
			isa = XCConfigurationList;
			buildConfigurations = (
				4AE01BB02BE654D0001FBDB0 /* Debug */,
				4AE01BB12BE654D0001FBDB0 /* Release */,
			);
			defaultConfigurationIsVisible = 0;
			defaultConfigurationName = Release;
		};
		4AE01BBC2BE654F0001FBDB0 /* Build configuration list for PBXNativeTarget "UITablewViewTDDTests" */ = {
			isa = XCConfigurationList;
			buildConfigurations = (
				4AE01BBD2BE654F0001FBDB0 /* Debug */,
				4AE01BBE2BE654F0001FBDB0 /* Release */,
			);
			defaultConfigurationIsVisible = 0;
			defaultConfigurationName = Release;
		};
/* End XCConfigurationList section */
	};
	rootObject = 4AE01B932BE654CF001FBDB0 /* Project object */;
}
